
Microsoft Visual Studio Solution File, Format Version 12.00
# Visual Studio 15
VisualStudioVersion = 15.0.27130.2003
MinimumVisualStudioVersion = 10.0.40219.1
Project("{FAE04EC0-301F-11D3-BF4B-00C04F79EFBC}") = "PolicyQuestions", "PolicyQuestions\PolicyQuestions.csproj", "{56E35ADC-93DD-4E2D-8C9D-B155D134E8A2}"
EndProject
Project("{FAE04EC0-301F-11D3-BF4B-00C04F79EFBC}") = "Questions", "Questions\Questions.csproj", "{7DF5223F-A977-474F-89F7-1082D3CAEAEA}"
EndProject
Project("{FAE04EC0-301F-11D3-BF4B-00C04F79EFBC}") = "PolicyQuestionsWF", "PolicyQuestionsWF\PolicyQuestionsWF.csproj", "{4889BA01-C3E1-4FFB-B3C1-F0F5BFD87135}"
EndProject
Project("{FAE04EC0-301F-11D3-BF4B-00C04F79EFBC}") = "QuestionsTest", "QuestionsTest\QuestionsTest.csproj", "{2B1CF00A-6549-4D90-BAAE-472B6CB1D843}"
EndProject
Global
	GlobalSection(Performance) = preSolution
		HasPerformanceSessions = true
	EndGlobalSection
	GlobalSection(SolutionConfigurationPlatforms) = preSolution
		Debug|Any CPU = Debug|Any CPU
		Release|Any CPU = Release|Any CPU
	EndGlobalSection
	GlobalSection(ProjectConfigurationPlatforms) = postSolution
		{56E35ADC-93DD-4E2D-8C9D-B155D134E8A2}.Debug|Any CPU.ActiveCfg = Debug|Any CPU
		{56E35ADC-93DD-4E2D-8C9D-B155D134E8A2}.Debug|Any CPU.Build.0 = Debug|Any CPU
		{56E35ADC-93DD-4E2D-8C9D-B155D134E8A2}.Release|Any CPU.ActiveCfg = Release|Any CPU
		{56E35ADC-93DD-4E2D-8C9D-B155D134E8A2}.Release|Any CPU.Build.0 = Release|Any CPU
		{7DF5223F-A977-474F-89F7-1082D3CAEAEA}.Debug|Any CPU.ActiveCfg = Debug|Any CPU
		{7DF5223F-A977-474F-89F7-1082D3CAEAEA}.Debug|Any CPU.Build.0 = Debug|Any CPU
		{7DF5223F-A977-474F-89F7-1082D3CAEAEA}.Release|Any CPU.ActiveCfg = Release|Any CPU
		{7DF5223F-A977-474F-89F7-1082D3CAEAEA}.Release|Any CPU.Build.0 = Release|Any CPU
		{4889BA01-C3E1-4FFB-B3C1-F0F5BFD87135}.Debug|Any CPU.ActiveCfg = Debug|Any CPU
		{4889BA01-C3E1-4FFB-B3C1-F0F5BFD87135}.Debug|Any CPU.Build.0 = Debug|Any CPU
		{4889BA01-C3E1-4FFB-B3C1-F0F5BFD87135}.Release|Any CPU.ActiveCfg = Release|Any CPU
		{4889BA01-C3E1-4FFB-B3C1-F0F5BFD87135}.Release|Any CPU.Build.0 = Release|Any CPU
		{2B1CF00A-6549-4D90-BAAE-472B6CB1D843}.Debug|Any CPU.ActiveCfg = Debug|Any CPU
		{2B1CF00A-6549-4D90-BAAE-472B6CB1D843}.Debug|Any CPU.Build.0 = Debug|Any CPU
		{2B1CF00A-6549-4D90-BAAE-472B6CB1D843}.Release|Any CPU.ActiveCfg = Release|Any CPU
		{2B1CF00A-6549-4D90-BAAE-472B6CB1D843}.Release|Any CPU.Build.0 = Release|Any CPU
	EndGlobalSection
	GlobalSection(SolutionProperties) = preSolution
		HideSolutionNode = FALSE
	EndGlobalSection
	GlobalSection(ExtensibilityGlobals) = postSolution
		SolutionGuid = {6F28D570-7317-4B5B-87CC-AA3A42734800}
	EndGlobalSection
	GlobalSection(Performance) = preSolution
		HasPerformanceSessions = true
	EndGlobalSection
EndGlobal
